
Microsoft Visual Studio Solution File, Format Version 12.00
# Visual Studio Version 17
VisualStudioVersion = 17.11.35208.52
MinimumVisualStudioVersion = 10.0.40219.1
Project("{FAE04EC0-301F-11D3-BF4B-00C04F79EFBC}") = "Aplicacion", "Aplicacion\Aplicacion.csproj", "{3B754012-9E18-45CC-8733-785705F60960}"
EndProject
Global
	GlobalSection(SolutionConfigurationPlatforms) = preSolution
		Debug|Any CPU = Debug|Any CPU
		Release|Any CPU = Release|Any CPU
	EndGlobalSection
	GlobalSection(ProjectConfigurationPlatforms) = postSolution
		{3B754012-9E18-45CC-8733-785705F60960}.Debug|Any CPU.ActiveCfg = Debug|Any CPU
		{3B754012-9E18-45CC-8733-785705F60960}.Debug|Any CPU.Build.0 = Debug|Any CPU
		{3B754012-9E18-45CC-8733-785705F60960}.Release|Any CPU.ActiveCfg = Release|Any CPU
		{3B754012-9E18-45CC-8733-785705F60960}.Release|Any CPU.Build.0 = Release|Any CPU
	EndGlobalSection
	GlobalSection(SolutionProperties) = preSolution
		HideSolutionNode = FALSE
	EndGlobalSection
	GlobalSection(ExtensibilityGlobals) = postSolution
		SolutionGuid = {68B8DC81-D196-446F-B82A-CABB10FEBE1E}
	EndGlobalSection
EndGlobal
